// !$*UTF8*$!
{
	archiveVersion = 1;
	classes = {
	};
	objectVersion = 48;
	objects = {

/* Begin PBXBuildFile section */
		BE5BC4F92097F88A00F20F89 /* Swiftz.framework in Frameworks */ = {isa = PBXBuildFile; fileRef = BE5BC4F42097F85200F20F89 /* Swiftz.framework */; };
		BEF61DD7208EC3AC006135C2 /* AppDelegate.swift in Sources */ = {isa = PBXBuildFile; fileRef = BEF61DD6208EC3AC006135C2 /* AppDelegate.swift */; };
		BEF61DD9208EC3AC006135C2 /* ViewController.swift in Sources */ = {isa = PBXBuildFile; fileRef = BEF61DD8208EC3AC006135C2 /* ViewController.swift */; };
		BEF61DDC208EC3AC006135C2 /* Main.storyboard in Resources */ = {isa = PBXBuildFile; fileRef = BEF61DDA208EC3AC006135C2 /* Main.storyboard */; };
		BEF61DDE208EC3AC006135C2 /* Assets.xcassets in Resources */ = {isa = PBXBuildFile; fileRef = BEF61DDD208EC3AC006135C2 /* Assets.xcassets */; };
		BEF61DE1208EC3AC006135C2 /* LaunchScreen.storyboard in Resources */ = {isa = PBXBuildFile; fileRef = BEF61DDF208EC3AC006135C2 /* LaunchScreen.storyboard */; };
		BEF61DEC208EC3AC006135C2 /* StackerTests.swift in Sources */ = {isa = PBXBuildFile; fileRef = BEF61DEB208EC3AC006135C2 /* StackerTests.swift */; };
		BEF61DF8208EC6F9006135C2 /* Tile.swift in Sources */ = {isa = PBXBuildFile; fileRef = BEF61DF7208EC6F9006135C2 /* Tile.swift */; };
		BEF61DFA208EC72D006135C2 /* Board.swift in Sources */ = {isa = PBXBuildFile; fileRef = BEF61DF9208EC72D006135C2 /* Board.swift */; };
		BEF61DFC208ED1CA006135C2 /* Action.swift in Sources */ = {isa = PBXBuildFile; fileRef = BEF61DFB208ED1CA006135C2 /* Action.swift */; };
		BEF61DFE208ED254006135C2 /* Reducer.swift in Sources */ = {isa = PBXBuildFile; fileRef = BEF61DFD208ED254006135C2 /* Reducer.swift */; };
		BEF61E00208ED4EF006135C2 /* Row.swift in Sources */ = {isa = PBXBuildFile; fileRef = BEF61DFF208ED4EF006135C2 /* Row.swift */; };
/* End PBXBuildFile section */

/* Begin PBXContainerItemProxy section */
		BEF61DE8208EC3AC006135C2 /* PBXContainerItemProxy */ = {
			isa = PBXContainerItemProxy;
			containerPortal = BEF61DCB208EC3AB006135C2 /* Project object */;
			proxyType = 1;
			remoteGlobalIDString = BEF61DD2208EC3AC006135C2;
			remoteInfo = Stacker;
		};
/* End PBXContainerItemProxy section */

/* Begin PBXFileReference section */
		BE5BC4F42097F85200F20F89 /* Swiftz.framework */ = {isa = PBXFileReference; lastKnownFileType = wrapper.framework; name = Swiftz.framework; path = Carthage/Build/iOS/Swiftz.framework; sourceTree = "<group>"; };
		BEF61DD3208EC3AC006135C2 /* Stacker.app */ = {isa = PBXFileReference; explicitFileType = wrapper.application; includeInIndex = 0; path = Stacker.app; sourceTree = BUILT_PRODUCTS_DIR; };
		BEF61DD6208EC3AC006135C2 /* AppDelegate.swift */ = {isa = PBXFileReference; lastKnownFileType = sourcecode.swift; path = AppDelegate.swift; sourceTree = "<group>"; };
		BEF61DD8208EC3AC006135C2 /* ViewController.swift */ = {isa = PBXFileReference; lastKnownFileType = sourcecode.swift; path = ViewController.swift; sourceTree = "<group>"; };
		BEF61DDB208EC3AC006135C2 /* Base */ = {isa = PBXFileReference; lastKnownFileType = file.storyboard; name = Base; path = Base.lproj/Main.storyboard; sourceTree = "<group>"; };
		BEF61DDD208EC3AC006135C2 /* Assets.xcassets */ = {isa = PBXFileReference; lastKnownFileType = folder.assetcatalog; path = Assets.xcassets; sourceTree = "<group>"; };
		BEF61DE0208EC3AC006135C2 /* Base */ = {isa = PBXFileReference; lastKnownFileType = file.storyboard; name = Base; path = Base.lproj/LaunchScreen.storyboard; sourceTree = "<group>"; };
		BEF61DE2208EC3AC006135C2 /* Info.plist */ = {isa = PBXFileReference; lastKnownFileType = text.plist.xml; path = Info.plist; sourceTree = "<group>"; };
		BEF61DE7208EC3AC006135C2 /* StackerTests.xctest */ = {isa = PBXFileReference; explicitFileType = wrapper.cfbundle; includeInIndex = 0; path = StackerTests.xctest; sourceTree = BUILT_PRODUCTS_DIR; };
		BEF61DEB208EC3AC006135C2 /* StackerTests.swift */ = {isa = PBXFileReference; lastKnownFileType = sourcecode.swift; path = StackerTests.swift; sourceTree = "<group>"; };
		BEF61DED208EC3AC006135C2 /* Info.plist */ = {isa = PBXFileReference; lastKnownFileType = text.plist.xml; path = Info.plist; sourceTree = "<group>"; };
		BEF61DF7208EC6F9006135C2 /* Tile.swift */ = {isa = PBXFileReference; lastKnownFileType = sourcecode.swift; path = Tile.swift; sourceTree = "<group>"; };
		BEF61DF9208EC72D006135C2 /* Board.swift */ = {isa = PBXFileReference; lastKnownFileType = sourcecode.swift; path = Board.swift; sourceTree = "<group>"; };
		BEF61DFB208ED1CA006135C2 /* Action.swift */ = {isa = PBXFileReference; lastKnownFileType = sourcecode.swift; path = Action.swift; sourceTree = "<group>"; };
		BEF61DFD208ED254006135C2 /* Reducer.swift */ = {isa = PBXFileReference; lastKnownFileType = sourcecode.swift; path = Reducer.swift; sourceTree = "<group>"; };
		BEF61DFF208ED4EF006135C2 /* Row.swift */ = {isa = PBXFileReference; lastKnownFileType = sourcecode.swift; path = Row.swift; sourceTree = "<group>"; };
/* End PBXFileReference section */

/* Begin PBXFrameworksBuildPhase section */
		BEF61DD0208EC3AC006135C2 /* Frameworks */ = {
			isa = PBXFrameworksBuildPhase;
			buildActionMask = 2147483647;
			files = (
				BE5BC4F92097F88A00F20F89 /* Swiftz.framework in Frameworks */,
			);
			runOnlyForDeploymentPostprocessing = 0;
		};
		BEF61DE4208EC3AC006135C2 /* Frameworks */ = {
			isa = PBXFrameworksBuildPhase;
			buildActionMask = 2147483647;
			files = (
			);
			runOnlyForDeploymentPostprocessing = 0;
		};
/* End PBXFrameworksBuildPhase section */

/* Begin PBXGroup section */
		BE5BC4F82097F88A00F20F89 /* Frameworks */ = {
			isa = PBXGroup;
			children = (
			);
			name = Frameworks;
			sourceTree = "<group>";
		};
		BEF61DCA208EC3AB006135C2 = {
			isa = PBXGroup;
			children = (
				BEF61DD5208EC3AC006135C2 /* Stacker */,
				BEF61DEA208EC3AC006135C2 /* StackerTests */,
				BEF61DD4208EC3AC006135C2 /* Products */,
				BE5BC4F42097F85200F20F89 /* Swiftz.framework */,
				BE5BC4F82097F88A00F20F89 /* Frameworks */,
			);
			sourceTree = "<group>";
		};
		BEF61DD4208EC3AC006135C2 /* Products */ = {
			isa = PBXGroup;
			children = (
				BEF61DD3208EC3AC006135C2 /* Stacker.app */,
				BEF61DE7208EC3AC006135C2 /* StackerTests.xctest */,
			);
			name = Products;
			sourceTree = "<group>";
		};
		BEF61DD5208EC3AC006135C2 /* Stacker */ = {
			isa = PBXGroup;
			children = (
				BEF61DF6208EC6B9006135C2 /* models */,
				BEF61DD6208EC3AC006135C2 /* AppDelegate.swift */,
				BEF61DD8208EC3AC006135C2 /* ViewController.swift */,
				BEF61DDA208EC3AC006135C2 /* Main.storyboard */,
				BEF61DDD208EC3AC006135C2 /* Assets.xcassets */,
				BEF61DDF208EC3AC006135C2 /* LaunchScreen.storyboard */,
				BEF61DE2208EC3AC006135C2 /* Info.plist */,
			);
			path = Stacker;
			sourceTree = "<group>";
		};
		BEF61DEA208EC3AC006135C2 /* StackerTests */ = {
			isa = PBXGroup;
			children = (
				BEF61DEB208EC3AC006135C2 /* StackerTests.swift */,
				BEF61DED208EC3AC006135C2 /* Info.plist */,
			);
			path = StackerTests;
			sourceTree = "<group>";
		};
		BEF61DF6208EC6B9006135C2 /* models */ = {
			isa = PBXGroup;
			children = (
				BEF61DF7208EC6F9006135C2 /* Tile.swift */,
				BEF61DFB208ED1CA006135C2 /* Action.swift */,
				BEF61DFD208ED254006135C2 /* Reducer.swift */,
				BEF61DFF208ED4EF006135C2 /* Row.swift */,
				BEF61DF9208EC72D006135C2 /* Board.swift */,
			);
			path = models;
			sourceTree = "<group>";
		};
/* End PBXGroup section */

/* Begin PBXNativeTarget section */
		BEF61DD2208EC3AC006135C2 /* Stacker */ = {
			isa = PBXNativeTarget;
			buildConfigurationList = BEF61DF0208EC3AC006135C2 /* Build configuration list for PBXNativeTarget "Stacker" */;
			buildPhases = (
				BEF61DCF208EC3AC006135C2 /* Sources */,
				BEF61DD0208EC3AC006135C2 /* Frameworks */,
				BEF61DD1208EC3AC006135C2 /* Resources */,
				BE5BC4FA2097F8A400F20F89 /* Carthage */,
			);
			buildRules = (
			);
			dependencies = (
			);
			name = Stacker;
			productName = Stacker;
			productReference = BEF61DD3208EC3AC006135C2 /* Stacker.app */;
			productType = "com.apple.product-type.application";
		};
		BEF61DE6208EC3AC006135C2 /* StackerTests */ = {
			isa = PBXNativeTarget;
			buildConfigurationList = BEF61DF3208EC3AC006135C2 /* Build configuration list for PBXNativeTarget "StackerTests" */;
			buildPhases = (
				BEF61DE3208EC3AC006135C2 /* Sources */,
				BEF61DE4208EC3AC006135C2 /* Frameworks */,
				BEF61DE5208EC3AC006135C2 /* Resources */,
			);
			buildRules = (
			);
			dependencies = (
				BEF61DE9208EC3AC006135C2 /* PBXTargetDependency */,
			);
			name = StackerTests;
			productName = StackerTests;
			productReference = BEF61DE7208EC3AC006135C2 /* StackerTests.xctest */;
			productType = "com.apple.product-type.bundle.unit-test";
		};
/* End PBXNativeTarget section */

/* Begin PBXProject section */
		BEF61DCB208EC3AB006135C2 /* Project object */ = {
			isa = PBXProject;
			attributes = {
				LastSwiftUpdateCheck = 0920;
				LastUpgradeCheck = 0920;
				ORGANIZATIONNAME = "Bruce Ricketts";
				TargetAttributes = {
					BEF61DD2208EC3AC006135C2 = {
						CreatedOnToolsVersion = 9.2;
						ProvisioningStyle = Automatic;
					};
					BEF61DE6208EC3AC006135C2 = {
						CreatedOnToolsVersion = 9.2;
						ProvisioningStyle = Automatic;
						TestTargetID = BEF61DD2208EC3AC006135C2;
					};
				};
			};
			buildConfigurationList = BEF61DCE208EC3AC006135C2 /* Build configuration list for PBXProject "Stacker" */;
			compatibilityVersion = "Xcode 8.0";
			developmentRegion = en;
			hasScannedForEncodings = 0;
			knownRegions = (
				en,
				Base,
			);
			mainGroup = BEF61DCA208EC3AB006135C2;
			productRefGroup = BEF61DD4208EC3AC006135C2 /* Products */;
			projectDirPath = "";
			projectRoot = "";
			targets = (
				BEF61DD2208EC3AC006135C2 /* Stacker */,
				BEF61DE6208EC3AC006135C2 /* StackerTests */,
			);
		};
/* End PBXProject section */

/* Begin PBXResourcesBuildPhase section */
		BEF61DD1208EC3AC006135C2 /* Resources */ = {
			isa = PBXResourcesBuildPhase;
			buildActionMask = 2147483647;
			files = (
				BEF61DE1208EC3AC006135C2 /* LaunchScreen.storyboard in Resources */,
				BEF61DDE208EC3AC006135C2 /* Assets.xcassets in Resources */,
				BEF61DDC208EC3AC006135C2 /* Main.storyboard in Resources */,
			);
			runOnlyForDeploymentPostprocessing = 0;
		};
		BEF61DE5208EC3AC006135C2 /* Resources */ = {
			isa = PBXResourcesBuildPhase;
			buildActionMask = 2147483647;
			files = (
			);
			runOnlyForDeploymentPostprocessing = 0;
		};
/* End PBXResourcesBuildPhase section */

/* Begin PBXShellScriptBuildPhase section */
		BE5BC4FA2097F8A400F20F89 /* Carthage */ = {
			isa = PBXShellScriptBuildPhase;
			buildActionMask = 2147483647;
			files = (
			);
			inputPaths = (
				"$(SRCROOT)/Carthage/Build/iOS/Swiftz.framework",
			);
			name = Carthage;
			outputPaths = (
				"$(BUILT_PRODUCTS_DIR)/$(FRAMEWORKS_FOLDER_PATH)/Swiftz.framework",
			);
			runOnlyForDeploymentPostprocessing = 0;
			shellPath = /bin/sh;
			shellScript = "/usr/local/bin/carthage copy-frameworks";
		};
/* End PBXShellScriptBuildPhase section */

/* Begin PBXSourcesBuildPhase section */
		BEF61DCF208EC3AC006135C2 /* Sources */ = {
			isa = PBXSourcesBuildPhase;
			buildActionMask = 2147483647;
			files = (
				BEF61DF8208EC6F9006135C2 /* Tile.swift in Sources */,
				BEF61DD9208EC3AC006135C2 /* ViewController.swift in Sources */,
				BEF61DFE208ED254006135C2 /* Reducer.swift in Sources */,
				BEF61DFA208EC72D006135C2 /* Board.swift in Sources */,
				BEF61DFC208ED1CA006135C2 /* Action.swift in Sources */,
				BEF61E00208ED4EF006135C2 /* Row.swift in Sources */,
				BEF61DD7208EC3AC006135C2 /* AppDelegate.swift in Sources */,
			);
			runOnlyForDeploymentPostprocessing = 0;
		};
		BEF61DE3208EC3AC006135C2 /* Sources */ = {
			isa = PBXSourcesBuildPhase;
			buildActionMask = 2147483647;
			files = (
				BEF61DEC208EC3AC006135C2 /* StackerTests.swift in Sources */,
			);
			runOnlyForDeploymentPostprocessing = 0;
		};
/* End PBXSourcesBuildPhase section */

/* Begin PBXTargetDependency section */
		BEF61DE9208EC3AC006135C2 /* PBXTargetDependency */ = {
			isa = PBXTargetDependency;
			target = BEF61DD2208EC3AC006135C2 /* Stacker */;
			targetProxy = BEF61DE8208EC3AC006135C2 /* PBXContainerItemProxy */;
		};
/* End PBXTargetDependency section */

/* Begin PBXVariantGroup section */
		BEF61DDA208EC3AC006135C2 /* Main.storyboard */ = {
			isa = PBXVariantGroup;
			children = (
				BEF61DDB208EC3AC006135C2 /* Base */,
			);
			name = Main.storyboard;
			sourceTree = "<group>";
		};
		BEF61DDF208EC3AC006135C2 /* LaunchScreen.storyboard */ = {
			isa = PBXVariantGroup;
			children = (
				BEF61DE0208EC3AC006135C2 /* Base */,
			);
			name = LaunchScreen.storyboard;
			sourceTree = "<group>";
		};
/* End PBXVariantGroup section */

/* Begin XCBuildConfiguration section */
		BEF61DEE208EC3AC006135C2 /* Debug */ = {
			isa = XCBuildConfiguration;
			buildSettings = {
				ALWAYS_SEARCH_USER_PATHS = NO;
				CLANG_ANALYZER_NONNULL = YES;
				CLANG_ANALYZER_NUMBER_OBJECT_CONVERSION = YES_AGGRESSIVE;
				CLANG_CXX_LANGUAGE_STANDARD = "gnu++14";
				CLANG_CXX_LIBRARY = "libc++";
				CLANG_ENABLE_MODULES = YES;
				CLANG_ENABLE_OBJC_ARC = YES;
				CLANG_WARN_BLOCK_CAPTURE_AUTORELEASING = YES;
				CLANG_WARN_BOOL_CONVERSION = YES;
				CLANG_WARN_COMMA = YES;
				CLANG_WARN_CONSTANT_CONVERSION = YES;
				CLANG_WARN_DIRECT_OBJC_ISA_USAGE = YES_ERROR;
				CLANG_WARN_DOCUMENTATION_COMMENTS = YES;
				CLANG_WARN_EMPTY_BODY = YES;
				CLANG_WARN_ENUM_CONVERSION = YES;
				CLANG_WARN_INFINITE_RECURSION = YES;
				CLANG_WARN_INT_CONVERSION = YES;
				CLANG_WARN_NON_LITERAL_NULL_CONVERSION = YES;
				CLANG_WARN_OBJC_LITERAL_CONVERSION = YES;
				CLANG_WARN_OBJC_ROOT_CLASS = YES_ERROR;
				CLANG_WARN_RANGE_LOOP_ANALYSIS = YES;
				CLANG_WARN_STRICT_PROTOTYPES = YES;
				CLANG_WARN_SUSPICIOUS_MOVE = YES;
				CLANG_WARN_UNGUARDED_AVAILABILITY = YES_AGGRESSIVE;
				CLANG_WARN_UNREACHABLE_CODE = YES;
				CLANG_WARN__DUPLICATE_METHOD_MATCH = YES;
				CODE_SIGN_IDENTITY = "iPhone Developer";
				COPY_PHASE_STRIP = NO;
				DEBUG_INFORMATION_FORMAT = dwarf;
				ENABLE_STRICT_OBJC_MSGSEND = YES;
				ENABLE_TESTABILITY = YES;
				GCC_C_LANGUAGE_STANDARD = gnu11;
				GCC_DYNAMIC_NO_PIC = NO;
				GCC_NO_COMMON_BLOCKS = YES;
				GCC_OPTIMIZATION_LEVEL = 0;
				GCC_PREPROCESSOR_DEFINITIONS = (
					"DEBUG=1",
					"$(inherited)",
				);
				GCC_WARN_64_TO_32_BIT_CONVERSION = YES;
				GCC_WARN_ABOUT_RETURN_TYPE = YES_ERROR;
				GCC_WARN_UNDECLARED_SELECTOR = YES;
				GCC_WARN_UNINITIALIZED_AUTOS = YES_AGGRESSIVE;
				GCC_WARN_UNUSED_FUNCTION = YES;
				GCC_WARN_UNUSED_VARIABLE = YES;
				IPHONEOS_DEPLOYMENT_TARGET = 11.2;
				MTL_ENABLE_DEBUG_INFO = YES;
				ONLY_ACTIVE_ARCH = YES;
				SDKROOT = iphoneos;
				SWIFT_ACTIVE_COMPILATION_CONDITIONS = DEBUG;
				SWIFT_OPTIMIZATION_LEVEL = "-Onone";
			};
			name = Debug;
		};
		BEF61DEF208EC3AC006135C2 /* Release */ = {
			isa = XCBuildConfiguration;
			buildSettings = {
				ALWAYS_SEARCH_USER_PATHS = NO;
				CLANG_ANALYZER_NONNULL = YES;
				CLANG_ANALYZER_NUMBER_OBJECT_CONVERSION = YES_AGGRESSIVE;
				CLANG_CXX_LANGUAGE_STANDARD = "gnu++14";
				CLANG_CXX_LIBRARY = "libc++";
				CLANG_ENABLE_MODULES = YES;
				CLANG_ENABLE_OBJC_ARC = YES;
				CLANG_WARN_BLOCK_CAPTURE_AUTORELEASING = YES;
				CLANG_WARN_BOOL_CONVERSION = YES;
				CLANG_WARN_COMMA = YES;
				CLANG_WARN_CONSTANT_CONVERSION = YES;
				CLANG_WARN_DIRECT_OBJC_ISA_USAGE = YES_ERROR;
				CLANG_WARN_DOCUMENTATION_COMMENTS = YES;
				CLANG_WARN_EMPTY_BODY = YES;
				CLANG_WARN_ENUM_CONVERSION = YES;
				CLANG_WARN_INFINITE_RECURSION = YES;
				CLANG_WARN_INT_CONVERSION = YES;
				CLANG_WARN_NON_LITERAL_NULL_CONVERSION = YES;
				CLANG_WARN_OBJC_LITERAL_CONVERSION = YES;
				CLANG_WARN_OBJC_ROOT_CLASS = YES_ERROR;
				CLANG_WARN_RANGE_LOOP_ANALYSIS = YES;
				CLANG_WARN_STRICT_PROTOTYPES = YES;
				CLANG_WARN_SUSPICIOUS_MOVE = YES;
				CLANG_WARN_UNGUARDED_AVAILABILITY = YES_AGGRESSIVE;
				CLANG_WARN_UNREACHABLE_CODE = YES;
				CLANG_WARN__DUPLICATE_METHOD_MATCH = YES;
				CODE_SIGN_IDENTITY = "iPhone Developer";
				COPY_PHASE_STRIP = NO;
				DEBUG_INFORMATION_FORMAT = "dwarf-with-dsym";
				ENABLE_NS_ASSERTIONS = NO;
				ENABLE_STRICT_OBJC_MSGSEND = YES;
				GCC_C_LANGUAGE_STANDARD = gnu11;
				GCC_NO_COMMON_BLOCKS = YES;
				GCC_WARN_64_TO_32_BIT_CONVERSION = YES;
				GCC_WARN_ABOUT_RETURN_TYPE = YES_ERROR;
				GCC_WARN_UNDECLARED_SELECTOR = YES;
				GCC_WARN_UNINITIALIZED_AUTOS = YES_AGGRESSIVE;
				GCC_WARN_UNUSED_FUNCTION = YES;
				GCC_WARN_UNUSED_VARIABLE = YES;
				IPHONEOS_DEPLOYMENT_TARGET = 11.2;
				MTL_ENABLE_DEBUG_INFO = NO;
				SDKROOT = iphoneos;
				SWIFT_OPTIMIZATION_LEVEL = "-Owholemodule";
				VALIDATE_PRODUCT = YES;
			};
			name = Release;
		};
		BEF61DF1208EC3AC006135C2 /* Debug */ = {
			isa = XCBuildConfiguration;
			buildSettings = {
				ASSETCATALOG_COMPILER_APPICON_NAME = AppIcon;
				CODE_SIGN_STYLE = Automatic;
				FRAMEWORK_SEARCH_PATHS = (
					"$(inherited)",
					"$(PROJECT_DIR)/Carthage/Build/iOS",
				);
				INFOPLIST_FILE = Stacker/Info.plist;
				LD_RUNPATH_SEARCH_PATHS = "$(inherited) @executable_path/Frameworks";
				PRODUCT_BUNDLE_IDENTIFIER = byricketts.Stacker;
				PRODUCT_NAME = "$(TARGET_NAME)";
				SWIFT_VERSION = 4.0;
				TARGETED_DEVICE_FAMILY = "1,2";
			};
			name = Debug;
		};
		BEF61DF2208EC3AC006135C2 /* Release */ = {
			isa = XCBuildConfiguration;
			buildSettings = {
				ASSETCATALOG_COMPILER_APPICON_NAME = AppIcon;
				CODE_SIGN_STYLE = Automatic;
				FRAMEWORK_SEARCH_PATHS = (
					"$(inherited)",
					"$(PROJECT_DIR)/Carthage/Build/iOS",
				);
				INFOPLIST_FILE = Stacker/Info.plist;
				LD_RUNPATH_SEARCH_PATHS = "$(inherited) @executable_path/Frameworks";
				PRODUCT_BUNDLE_IDENTIFIER = byricketts.Stacker;
				PRODUCT_NAME = "$(TARGET_NAME)";
				SWIFT_VERSION = 4.0;
				TARGETED_DEVICE_FAMILY = "1,2";
			};
			name = Release;
		};
		BEF61DF4208EC3AC006135C2 /* Debug */ = {
			isa = XCBuildConfiguration;
			buildSettings = {
				ALWAYS_EMBED_SWIFT_STANDARD_LIBRARIES = YES;
				BUNDLE_LOADER = "$(TEST_HOST)";
				CODE_SIGN_STYLE = Automatic;
				INFOPLIST_FILE = StackerTests/Info.plist;
				LD_RUNPATH_SEARCH_PATHS = "$(inherited) @executable_path/Frameworks @loader_path/Frameworks";
				PRODUCT_BUNDLE_IDENTIFIER = byricketts.StackerTests;
				PRODUCT_NAME = "$(TARGET_NAME)";
				SWIFT_VERSION = 4.0;
				TARGETED_DEVICE_FAMILY = "1,2";
				TEST_HOST = "$(BUILT_PRODUCTS_DIR)/Stacker.app/Stacker";
			};
			name = Debug;
		};
		BEF61DF5208EC3AC006135C2 /* Release */ = {
			isa = XCBuildConfiguration;
			buildSettings = {
				ALWAYS_EMBED_SWIFT_STANDARD_LIBRARIES = YES;
				BUNDLE_LOADER = "$(TEST_HOST)";
				CODE_SIGN_STYLE = Automatic;
				INFOPLIST_FILE = StackerTests/Info.plist;
				LD_RUNPATH_SEARCH_PATHS = "$(inherited) @executable_path/Frameworks @loader_path/Frameworks";
				PRODUCT_BUNDLE_IDENTIFIER = byricketts.StackerTests;
				PRODUCT_NAME = "$(TARGET_NAME)";
				SWIFT_VERSION = 4.0;
				TARGETED_DEVICE_FAMILY = "1,2";
				TEST_HOST = "$(BUILT_PRODUCTS_DIR)/Stacker.app/Stacker";
			};
			name = Release;
		};
/* End XCBuildConfiguration section */

/* Begin XCConfigurationList section */
		BEF61DCE208EC3AC006135C2 /* Build configuration list for PBXProject "Stacker" */ = {
			isa = XCConfigurationList;
			buildConfigurations = (
				BEF61DEE208EC3AC006135C2 /* Debug */,
				BEF61DEF208EC3AC006135C2 /* Release */,
			);
			defaultConfigurationIsVisible = 0;
			defaultConfigurationName = Release;
		};
		BEF61DF0208EC3AC006135C2 /* Build configuration list for PBXNativeTarget "Stacker" */ = {
			isa = XCConfigurationList;
			buildConfigurations = (
				BEF61DF1208EC3AC006135C2 /* Debug */,
				BEF61DF2208EC3AC006135C2 /* Release */,
			);
			defaultConfigurationIsVisible = 0;
			defaultConfigurationName = Release;
		};
		BEF61DF3208EC3AC006135C2 /* Build configuration list for PBXNativeTarget "StackerTests" */ = {
			isa = XCConfigurationList;
			buildConfigurations = (
				BEF61DF4208EC3AC006135C2 /* Debug */,
				BEF61DF5208EC3AC006135C2 /* Release */,
			);
			defaultConfigurationIsVisible = 0;
			defaultConfigurationName = Release;
		};
/* End XCConfigurationList section */
	};
	rootObject = BEF61DCB208EC3AB006135C2 /* Project object */;
}
